
Microsoft Visual Studio Solution File, Format Version 11.00
# Visual Studio 2010
Project("{FAE04EC0-301F-11D3-BF4B-00C04F79EFBC}") = "MvcApplication3", "MvcApplication3\MvcApplication3.csproj", "{8DD98D72-2DCA-4592-90BA-8D1ABDD31783}"
EndProject
Project("{FAE04EC0-301F-11D3-BF4B-00C04F79EFBC}") = "Mongoosewiki-mvc2.Tests", "Mongoosewiki-mvc2.Tests\Mongoosewiki-mvc2.Tests.csproj", "{658EF1B1-1320-4244-AE0F-F79178DD5891}"
EndProject
Global
	GlobalSection(SolutionConfigurationPlatforms) = preSolution
		Debug|Any CPU = Debug|Any CPU
		Release|Any CPU = Release|Any CPU
	EndGlobalSection
	GlobalSection(ProjectConfigurationPlatforms) = postSolution
		{8DD98D72-2DCA-4592-90BA-8D1ABDD31783}.Debug|Any CPU.ActiveCfg = Debug|Any CPU
		{8DD98D72-2DCA-4592-90BA-8D1ABDD31783}.Debug|Any CPU.Build.0 = Debug|Any CPU
		{8DD98D72-2DCA-4592-90BA-8D1ABDD31783}.Release|Any CPU.ActiveCfg = Release|Any CPU
		{8DD98D72-2DCA-4592-90BA-8D1ABDD31783}.Release|Any CPU.Build.0 = Release|Any CPU
		{658EF1B1-1320-4244-AE0F-F79178DD5891}.Debug|Any CPU.ActiveCfg = Debug|Any CPU
		{658EF1B1-1320-4244-AE0F-F79178DD5891}.Debug|Any CPU.Build.0 = Debug|Any CPU
		{658EF1B1-1320-4244-AE0F-F79178DD5891}.Release|Any CPU.ActiveCfg = Release|Any CPU
		{658EF1B1-1320-4244-AE0F-F79178DD5891}.Release|Any CPU.Build.0 = Release|Any CPU
	EndGlobalSection
	GlobalSection(SolutionProperties) = preSolution
		HideSolutionNode = FALSE
	EndGlobalSection
EndGlobal
